
Microsoft Visual Studio Solution File, Format Version 12.00
# Visual Studio Version 16
VisualStudioVersion = 16.0.31624.102
MinimumVisualStudioVersion = 10.0.40219.1
Project("{FAE04EC0-301F-11D3-BF4B-00C04F79EFBC}") = "AntiCrack-DotNet", "AntiCrack-DotNet\AntiCrack-DotNet.csproj", "{9CE21C83-C4C3-426F-8580-03BBC0B9EB27}"
EndProject
Global
	GlobalSection(SolutionConfigurationPlatforms) = preSolution
		Debug|Any CPU = Debug|Any CPU
		Release|Any CPU = Release|Any CPU
	EndGlobalSection
	GlobalSection(ProjectConfigurationPlatforms) = postSolution
		{9CE21C83-C4C3-426F-8580-03BBC0B9EB27}.Debug|Any CPU.ActiveCfg = Debug|Any CPU
		{9CE21C83-C4C3-426F-8580-03BBC0B9EB27}.Debug|Any CPU.Build.0 = Debug|Any CPU
		{9CE21C83-C4C3-426F-8580-03BBC0B9EB27}.Release|Any CPU.ActiveCfg = Release|Any CPU
		{9CE21C83-C4C3-426F-8580-03BBC0B9EB27}.Release|Any CPU.Build.0 = Release|Any CPU
	EndGlobalSection
	GlobalSection(SolutionProperties) = preSolution
		HideSolutionNode = FALSE
	EndGlobalSection
	GlobalSection(ExtensibilityGlobals) = postSolution
		SolutionGuid = {0F3566FF-4961-4587-9568-F20B59ACF27C}
	EndGlobalSection
EndGlobal
